
Microsoft Visual Studio Solution File, Format Version 12.00
# Visual Studio Version 17
VisualStudioVersion = 17.3.32929.385
MinimumVisualStudioVersion = 10.0.40219.1
Project("{FAE04EC0-301F-11D3-BF4B-00C04F79EFBC}") = "OrderingSystem", "OrderingSystem\OrderingSystem.csproj", "{7915B5A1-2227-46E8-BD84-0FC9922536CD}"
EndProject
Global
	GlobalSection(SolutionConfigurationPlatforms) = preSolution
		Debug|Any CPU = Debug|Any CPU
		Release|Any CPU = Release|Any CPU
	EndGlobalSection
	GlobalSection(ProjectConfigurationPlatforms) = postSolution
		{7915B5A1-2227-46E8-BD84-0FC9922536CD}.Debug|Any CPU.ActiveCfg = Debug|Any CPU
		{7915B5A1-2227-46E8-BD84-0FC9922536CD}.Debug|Any CPU.Build.0 = Debug|Any CPU
		{7915B5A1-2227-46E8-BD84-0FC9922536CD}.Release|Any CPU.ActiveCfg = Release|Any CPU
		{7915B5A1-2227-46E8-BD84-0FC9922536CD}.Release|Any CPU.Build.0 = Release|Any CPU
	EndGlobalSection
	GlobalSection(SolutionProperties) = preSolution
		HideSolutionNode = FALSE
	EndGlobalSection
	GlobalSection(ExtensibilityGlobals) = postSolution
		SolutionGuid = {2870E6B7-2EA6-4F3F-B18A-A00045E2DC19}
	EndGlobalSection
EndGlobal
